
Microsoft Visual Studio Solution File, Format Version 12.00
# Visual Studio 2013
VisualStudioVersion = 12.0.31101.0
MinimumVisualStudioVersion = 10.0.40219.1
Project("{FAE04EC0-301F-11D3-BF4B-00C04F79EFBC}") = "CalculatorApp", "CalculatorApp\CalculatorApp.csproj", "{9179DDE8-1374-4F1D-9022-02140FC495B9}"
	ProjectSection(ProjectDependencies) = postProject
		{83876E88-FE4C-45C2-9BA4-89B7031ADD27} = {83876E88-FE4C-45C2-9BA4-89B7031ADD27}
	EndProjectSection
EndProject
Project("{FAE04EC0-301F-11D3-BF4B-00C04F79EFBC}") = "CalculationServices", "CalculationServices\CalculationServices.csproj", "{83876E88-FE4C-45C2-9BA4-89B7031ADD27}"
EndProject
Project("{FAE04EC0-301F-11D3-BF4B-00C04F79EFBC}") = "UnitTest", "UnitTest_Parser\UnitTest.csproj", "{55560028-CBA7-42D2-BAEF-153D89F77EDD}"
EndProject
Global
	GlobalSection(SolutionConfigurationPlatforms) = preSolution
		Debug|Any CPU = Debug|Any CPU
		Release|Any CPU = Release|Any CPU
	EndGlobalSection
	GlobalSection(ProjectConfigurationPlatforms) = postSolution
		{9179DDE8-1374-4F1D-9022-02140FC495B9}.Debug|Any CPU.ActiveCfg = Debug|Any CPU
		{9179DDE8-1374-4F1D-9022-02140FC495B9}.Debug|Any CPU.Build.0 = Debug|Any CPU
		{9179DDE8-1374-4F1D-9022-02140FC495B9}.Release|Any CPU.ActiveCfg = Release|Any CPU
		{9179DDE8-1374-4F1D-9022-02140FC495B9}.Release|Any CPU.Build.0 = Release|Any CPU
		{83876E88-FE4C-45C2-9BA4-89B7031ADD27}.Debug|Any CPU.ActiveCfg = Debug|Any CPU
		{83876E88-FE4C-45C2-9BA4-89B7031ADD27}.Debug|Any CPU.Build.0 = Debug|Any CPU
		{83876E88-FE4C-45C2-9BA4-89B7031ADD27}.Release|Any CPU.ActiveCfg = Release|Any CPU
		{83876E88-FE4C-45C2-9BA4-89B7031ADD27}.Release|Any CPU.Build.0 = Release|Any CPU
		{55560028-CBA7-42D2-BAEF-153D89F77EDD}.Debug|Any CPU.ActiveCfg = Debug|Any CPU
		{55560028-CBA7-42D2-BAEF-153D89F77EDD}.Debug|Any CPU.Build.0 = Debug|Any CPU
		{55560028-CBA7-42D2-BAEF-153D89F77EDD}.Release|Any CPU.ActiveCfg = Release|Any CPU
		{55560028-CBA7-42D2-BAEF-153D89F77EDD}.Release|Any CPU.Build.0 = Release|Any CPU
	EndGlobalSection
	GlobalSection(SolutionProperties) = preSolution
		HideSolutionNode = FALSE
	EndGlobalSection
EndGlobal
